github.com/rartstudio/go-say-hello v1.0.0 h1:HmxrG4pbojjg6n5Pifga/qhxJDkgtoo9IjJ0VGTCaNc=
github.com/rartstudio/go-say-hello v1.0.0/go.mod h1:pKfIewZLqYbb4VAjmxNXJQATxmmnF98T8Ks2MUKqtZg=
github.com/rartstudio/go-say-hello v1.1.0 h1:BdidcbRPhvKWQ2v2RWrEzKcsWKb2cKMnYMomhMMs5o4=
github.com/rartstudio/go-say-hello v1.1.0/go.mod h1:pKfIewZLqYbb4VAjmxNXJQATxmmnF98T8Ks2MUKqtZg=
github.com/rartstudio/go-say-hello/v2 v2.0.0 h1:FmVP7wskYNNJZUV4GokYeZsXqSR2RnpXBicwlK/Z/3U=
github.com/rartstudio/go-say-hello/v2 v2.0.0/go.mod h1:8lPacCxsadJQEG/glC5UsCP3EGiE1X3HVG34GvaySfc=
